// !$*UTF8*$!
{
	archiveVersion = 1;
	classes = {
	};
	objectVersion = 56;
	objects = {

/* Begin PBXBuildFile section */
		7A18762B2969D12A00C55911 /* AppDelegate.swift in Sources */ = {isa = PBXBuildFile; fileRef = 7A18762A2969D12A00C55911 /* AppDelegate.swift */; };
		7A18762D2969D12A00C55911 /* SceneDelegate.swift in Sources */ = {isa = PBXBuildFile; fileRef = 7A18762C2969D12A00C55911 /* SceneDelegate.swift */; };
		7A18762F2969D12B00C55911 /* PostsTableViewController.swift in Sources */ = {isa = PBXBuildFile; fileRef = 7A18762E2969D12B00C55911 /* PostsTableViewController.swift */; };
		7A1876342969D12B00C55911 /* Assets.xcassets in Resources */ = {isa = PBXBuildFile; fileRef = 7A1876332969D12B00C55911 /* Assets.xcassets */; };
		7A1876372969D12B00C55911 /* LaunchScreen.storyboard in Resources */ = {isa = PBXBuildFile; fileRef = 7A1876352969D12B00C55911 /* LaunchScreen.storyboard */; };
		7A1876422969D12B00C55911 /* TheoremOneCodingAssignmentTests.swift in Sources */ = {isa = PBXBuildFile; fileRef = 7A1876412969D12B00C55911 /* TheoremOneCodingAssignmentTests.swift */; };
		7A18765D2969E15A00C55911 /* Post.swift in Sources */ = {isa = PBXBuildFile; fileRef = 7A18765C2969E15A00C55911 /* Post.swift */; };
		7A18765F2969E20700C55911 /* User.swift in Sources */ = {isa = PBXBuildFile; fileRef = 7A18765E2969E20700C55911 /* User.swift */; };
		7A1876612969E6F200C55911 /* Comment.swift in Sources */ = {isa = PBXBuildFile; fileRef = 7A1876602969E6F200C55911 /* Comment.swift */; };
		7A1876652969E7D800C55911 /* Networking.swift in Sources */ = {isa = PBXBuildFile; fileRef = 7A1876642969E7D800C55911 /* Networking.swift */; };
		7A18766B296A1C0400C55911 /* NetworkManager.swift in Sources */ = {isa = PBXBuildFile; fileRef = 7A18766A296A1C0400C55911 /* NetworkManager.swift */; };
		7A18766E296B3BAF00C55911 /* PostsDataSource.swift in Sources */ = {isa = PBXBuildFile; fileRef = 7A18766D296B3BAF00C55911 /* PostsDataSource.swift */; };
/* End PBXBuildFile section */

/* Begin PBXContainerItemProxy section */
		7A18763E2969D12B00C55911 /* PBXContainerItemProxy */ = {
			isa = PBXContainerItemProxy;
			containerPortal = 7A18761F2969D12A00C55911 /* Project object */;
			proxyType = 1;
			remoteGlobalIDString = 7A1876262969D12A00C55911;
			remoteInfo = TheoremOneCodingAssignment;
		};
/* End PBXContainerItemProxy section */

/* Begin PBXFileReference section */
		7A1876272969D12A00C55911 /* TheoremOneCodingAssignment.app */ = {isa = PBXFileReference; explicitFileType = wrapper.application; includeInIndex = 0; path = TheoremOneCodingAssignment.app; sourceTree = BUILT_PRODUCTS_DIR; };
		7A18762A2969D12A00C55911 /* AppDelegate.swift */ = {isa = PBXFileReference; lastKnownFileType = sourcecode.swift; path = AppDelegate.swift; sourceTree = "<group>"; };
		7A18762C2969D12A00C55911 /* SceneDelegate.swift */ = {isa = PBXFileReference; lastKnownFileType = sourcecode.swift; path = SceneDelegate.swift; sourceTree = "<group>"; };
		7A18762E2969D12B00C55911 /* PostsTableViewController.swift */ = {isa = PBXFileReference; lastKnownFileType = sourcecode.swift; path = PostsTableViewController.swift; sourceTree = "<group>"; };
		7A1876332969D12B00C55911 /* Assets.xcassets */ = {isa = PBXFileReference; lastKnownFileType = folder.assetcatalog; path = Assets.xcassets; sourceTree = "<group>"; };
		7A1876362969D12B00C55911 /* Base */ = {isa = PBXFileReference; lastKnownFileType = file.storyboard; name = Base; path = Base.lproj/LaunchScreen.storyboard; sourceTree = "<group>"; };
		7A1876382969D12B00C55911 /* Info.plist */ = {isa = PBXFileReference; lastKnownFileType = text.plist.xml; path = Info.plist; sourceTree = "<group>"; };
		7A18763D2969D12B00C55911 /* TheoremOneCodingAssignmentTests.xctest */ = {isa = PBXFileReference; explicitFileType = wrapper.cfbundle; includeInIndex = 0; path = TheoremOneCodingAssignmentTests.xctest; sourceTree = BUILT_PRODUCTS_DIR; };
		7A1876412969D12B00C55911 /* TheoremOneCodingAssignmentTests.swift */ = {isa = PBXFileReference; lastKnownFileType = sourcecode.swift; path = TheoremOneCodingAssignmentTests.swift; sourceTree = "<group>"; };
		7A18765C2969E15A00C55911 /* Post.swift */ = {isa = PBXFileReference; lastKnownFileType = sourcecode.swift; path = Post.swift; sourceTree = "<group>"; };
		7A18765E2969E20700C55911 /* User.swift */ = {isa = PBXFileReference; lastKnownFileType = sourcecode.swift; path = User.swift; sourceTree = "<group>"; };
		7A1876602969E6F200C55911 /* Comment.swift */ = {isa = PBXFileReference; lastKnownFileType = sourcecode.swift; path = Comment.swift; sourceTree = "<group>"; };
		7A1876642969E7D800C55911 /* Networking.swift */ = {isa = PBXFileReference; lastKnownFileType = sourcecode.swift; path = Networking.swift; sourceTree = "<group>"; };
		7A18766A296A1C0400C55911 /* NetworkManager.swift */ = {isa = PBXFileReference; lastKnownFileType = sourcecode.swift; path = NetworkManager.swift; sourceTree = "<group>"; };
		7A18766D296B3BAF00C55911 /* PostsDataSource.swift */ = {isa = PBXFileReference; lastKnownFileType = sourcecode.swift; path = PostsDataSource.swift; sourceTree = "<group>"; };
/* End PBXFileReference section */

/* Begin PBXFrameworksBuildPhase section */
		7A1876242969D12A00C55911 /* Frameworks */ = {
			isa = PBXFrameworksBuildPhase;
			buildActionMask = 2147483647;
			files = (
			);
			runOnlyForDeploymentPostprocessing = 0;
		};
		7A18763A2969D12B00C55911 /* Frameworks */ = {
			isa = PBXFrameworksBuildPhase;
			buildActionMask = 2147483647;
			files = (
			);
			runOnlyForDeploymentPostprocessing = 0;
		};
/* End PBXFrameworksBuildPhase section */

/* Begin PBXGroup section */
		7A18761E2969D12A00C55911 = {
			isa = PBXGroup;
			children = (
				7A1876292969D12A00C55911 /* TheoremOneCodingAssignment */,
				7A1876402969D12B00C55911 /* TheoremOneCodingAssignmentTests */,
				7A1876282969D12A00C55911 /* Products */,
			);
			sourceTree = "<group>";
		};
		7A1876282969D12A00C55911 /* Products */ = {
			isa = PBXGroup;
			children = (
				7A1876272969D12A00C55911 /* TheoremOneCodingAssignment.app */,
				7A18763D2969D12B00C55911 /* TheoremOneCodingAssignmentTests.xctest */,
			);
			name = Products;
			sourceTree = "<group>";
		};
		7A1876292969D12A00C55911 /* TheoremOneCodingAssignment */ = {
			isa = PBXGroup;
			children = (
				7A1876692969E8D300C55911 /* Resourses */,
				7A18765A2969E0BE00C55911 /* Model */,
				7A1876662969E89200C55911 /* View */,
				7A18765B2969E0CC00C55911 /* ViewModel */,
				7A1876682969E8AC00C55911 /* Controller */,
				7A18762A2969D12A00C55911 /* AppDelegate.swift */,
				7A18762C2969D12A00C55911 /* SceneDelegate.swift */,
				7A1876382969D12B00C55911 /* Info.plist */,
			);
			path = TheoremOneCodingAssignment;
			sourceTree = "<group>";
		};
		7A1876402969D12B00C55911 /* TheoremOneCodingAssignmentTests */ = {
			isa = PBXGroup;
			children = (
				7A1876412969D12B00C55911 /* TheoremOneCodingAssignmentTests.swift */,
			);
			path = TheoremOneCodingAssignmentTests;
			sourceTree = "<group>";
		};
		7A18765A2969E0BE00C55911 /* Model */ = {
			isa = PBXGroup;
			children = (
				7A18766C296B3B9700C55911 /* DataSource */,
				7A1876632969E7C300C55911 /* Network */,
				7A1876622969E72F00C55911 /* BasicEntity */,
			);
			path = Model;
			sourceTree = "<group>";
		};
		7A18765B2969E0CC00C55911 /* ViewModel */ = {
			isa = PBXGroup;
			children = (
			);
			path = ViewModel;
			sourceTree = "<group>";
		};
		7A1876622969E72F00C55911 /* BasicEntity */ = {
			isa = PBXGroup;
			children = (
				7A18765C2969E15A00C55911 /* Post.swift */,
				7A18765E2969E20700C55911 /* User.swift */,
				7A1876602969E6F200C55911 /* Comment.swift */,
			);
			path = BasicEntity;
			sourceTree = "<group>";
		};
		7A1876632969E7C300C55911 /* Network */ = {
			isa = PBXGroup;
			children = (
				7A1876642969E7D800C55911 /* Networking.swift */,
				7A18766A296A1C0400C55911 /* NetworkManager.swift */,
			);
			path = Network;
			sourceTree = "<group>";
		};
		7A1876662969E89200C55911 /* View */ = {
			isa = PBXGroup;
			children = (
			);
			path = View;
			sourceTree = "<group>";
		};
		7A1876682969E8AC00C55911 /* Controller */ = {
			isa = PBXGroup;
			children = (
				7A18762E2969D12B00C55911 /* PostsTableViewController.swift */,
			);
			path = Controller;
			sourceTree = "<group>";
		};
		7A1876692969E8D300C55911 /* Resourses */ = {
			isa = PBXGroup;
			children = (
				7A1876352969D12B00C55911 /* LaunchScreen.storyboard */,
				7A1876332969D12B00C55911 /* Assets.xcassets */,
			);
			path = Resourses;
			sourceTree = "<group>";
		};
		7A18766C296B3B9700C55911 /* DataSource */ = {
			isa = PBXGroup;
			children = (
				7A18766D296B3BAF00C55911 /* PostsDataSource.swift */,
			);
			path = DataSource;
			sourceTree = "<group>";
		};
/* End PBXGroup section */

/* Begin PBXNativeTarget section */
		7A1876262969D12A00C55911 /* TheoremOneCodingAssignment */ = {
			isa = PBXNativeTarget;
			buildConfigurationList = 7A1876512969D12B00C55911 /* Build configuration list for PBXNativeTarget "TheoremOneCodingAssignment" */;
			buildPhases = (
				7A1876232969D12A00C55911 /* Sources */,
				7A1876242969D12A00C55911 /* Frameworks */,
				7A1876252969D12A00C55911 /* Resources */,
			);
			buildRules = (
			);
			dependencies = (
			);
			name = TheoremOneCodingAssignment;
			productName = TheoremOneCodingAssignment;
			productReference = 7A1876272969D12A00C55911 /* TheoremOneCodingAssignment.app */;
			productType = "com.apple.product-type.application";
		};
		7A18763C2969D12B00C55911 /* TheoremOneCodingAssignmentTests */ = {
			isa = PBXNativeTarget;
			buildConfigurationList = 7A1876542969D12B00C55911 /* Build configuration list for PBXNativeTarget "TheoremOneCodingAssignmentTests" */;
			buildPhases = (
				7A1876392969D12B00C55911 /* Sources */,
				7A18763A2969D12B00C55911 /* Frameworks */,
				7A18763B2969D12B00C55911 /* Resources */,
			);
			buildRules = (
			);
			dependencies = (
				7A18763F2969D12B00C55911 /* PBXTargetDependency */,
			);
			name = TheoremOneCodingAssignmentTests;
			productName = TheoremOneCodingAssignmentTests;
			productReference = 7A18763D2969D12B00C55911 /* TheoremOneCodingAssignmentTests.xctest */;
			productType = "com.apple.product-type.bundle.unit-test";
		};
/* End PBXNativeTarget section */

/* Begin PBXProject section */
		7A18761F2969D12A00C55911 /* Project object */ = {
			isa = PBXProject;
			attributes = {
				BuildIndependentTargetsInParallel = 1;
				LastSwiftUpdateCheck = 1420;
				LastUpgradeCheck = 1420;
				TargetAttributes = {
					7A1876262969D12A00C55911 = {
						CreatedOnToolsVersion = 14.2;
					};
					7A18763C2969D12B00C55911 = {
						CreatedOnToolsVersion = 14.2;
						TestTargetID = 7A1876262969D12A00C55911;
					};
				};
			};
			buildConfigurationList = 7A1876222969D12A00C55911 /* Build configuration list for PBXProject "TheoremOneCodingAssignment" */;
			compatibilityVersion = "Xcode 14.0";
			developmentRegion = en;
			hasScannedForEncodings = 0;
			knownRegions = (
				en,
				Base,
			);
			mainGroup = 7A18761E2969D12A00C55911;
			productRefGroup = 7A1876282969D12A00C55911 /* Products */;
			projectDirPath = "";
			projectRoot = "";
			targets = (
				7A1876262969D12A00C55911 /* TheoremOneCodingAssignment */,
				7A18763C2969D12B00C55911 /* TheoremOneCodingAssignmentTests */,
			);
		};
/* End PBXProject section */

/* Begin PBXResourcesBuildPhase section */
		7A1876252969D12A00C55911 /* Resources */ = {
			isa = PBXResourcesBuildPhase;
			buildActionMask = 2147483647;
			files = (
				7A1876372969D12B00C55911 /* LaunchScreen.storyboard in Resources */,
				7A1876342969D12B00C55911 /* Assets.xcassets in Resources */,
			);
			runOnlyForDeploymentPostprocessing = 0;
		};
		7A18763B2969D12B00C55911 /* Resources */ = {
			isa = PBXResourcesBuildPhase;
			buildActionMask = 2147483647;
			files = (
			);
			runOnlyForDeploymentPostprocessing = 0;
		};
/* End PBXResourcesBuildPhase section */

/* Begin PBXSourcesBuildPhase section */
		7A1876232969D12A00C55911 /* Sources */ = {
			isa = PBXSourcesBuildPhase;
			buildActionMask = 2147483647;
			files = (
				7A18762F2969D12B00C55911 /* PostsTableViewController.swift in Sources */,
				7A1876612969E6F200C55911 /* Comment.swift in Sources */,
				7A18762B2969D12A00C55911 /* AppDelegate.swift in Sources */,
				7A18762D2969D12A00C55911 /* SceneDelegate.swift in Sources */,
				7A18766B296A1C0400C55911 /* NetworkManager.swift in Sources */,
				7A18765F2969E20700C55911 /* User.swift in Sources */,
				7A18765D2969E15A00C55911 /* Post.swift in Sources */,
				7A1876652969E7D800C55911 /* Networking.swift in Sources */,
				7A18766E296B3BAF00C55911 /* PostsDataSource.swift in Sources */,
			);
			runOnlyForDeploymentPostprocessing = 0;
		};
		7A1876392969D12B00C55911 /* Sources */ = {
			isa = PBXSourcesBuildPhase;
			buildActionMask = 2147483647;
			files = (
				7A1876422969D12B00C55911 /* TheoremOneCodingAssignmentTests.swift in Sources */,
			);
			runOnlyForDeploymentPostprocessing = 0;
		};
/* End PBXSourcesBuildPhase section */

/* Begin PBXTargetDependency section */
		7A18763F2969D12B00C55911 /* PBXTargetDependency */ = {
			isa = PBXTargetDependency;
			target = 7A1876262969D12A00C55911 /* TheoremOneCodingAssignment */;
			targetProxy = 7A18763E2969D12B00C55911 /* PBXContainerItemProxy */;
		};
/* End PBXTargetDependency section */

/* Begin PBXVariantGroup section */
		7A1876352969D12B00C55911 /* LaunchScreen.storyboard */ = {
			isa = PBXVariantGroup;
			children = (
				7A1876362969D12B00C55911 /* Base */,
			);
			name = LaunchScreen.storyboard;
			sourceTree = "<group>";
		};
/* End PBXVariantGroup section */

/* Begin XCBuildConfiguration section */
		7A18764F2969D12B00C55911 /* Debug */ = {
			isa = XCBuildConfiguration;
			buildSettings = {
				ALWAYS_SEARCH_USER_PATHS = NO;
				CLANG_ANALYZER_NONNULL = YES;
				CLANG_ANALYZER_NUMBER_OBJECT_CONVERSION = YES_AGGRESSIVE;
				CLANG_CXX_LANGUAGE_STANDARD = "gnu++20";
				CLANG_ENABLE_MODULES = YES;
				CLANG_ENABLE_OBJC_ARC = YES;
				CLANG_ENABLE_OBJC_WEAK = YES;
				CLANG_WARN_BLOCK_CAPTURE_AUTORELEASING = YES;
				CLANG_WARN_BOOL_CONVERSION = YES;
				CLANG_WARN_COMMA = YES;
				CLANG_WARN_CONSTANT_CONVERSION = YES;
				CLANG_WARN_DEPRECATED_OBJC_IMPLEMENTATIONS = YES;
				CLANG_WARN_DIRECT_OBJC_ISA_USAGE = YES_ERROR;
				CLANG_WARN_DOCUMENTATION_COMMENTS = YES;
				CLANG_WARN_EMPTY_BODY = YES;
				CLANG_WARN_ENUM_CONVERSION = YES;
				CLANG_WARN_INFINITE_RECURSION = YES;
				CLANG_WARN_INT_CONVERSION = YES;
				CLANG_WARN_NON_LITERAL_NULL_CONVERSION = YES;
				CLANG_WARN_OBJC_IMPLICIT_RETAIN_SELF = YES;
				CLANG_WARN_OBJC_LITERAL_CONVERSION = YES;
				CLANG_WARN_OBJC_ROOT_CLASS = YES_ERROR;
				CLANG_WARN_QUOTED_INCLUDE_IN_FRAMEWORK_HEADER = YES;
				CLANG_WARN_RANGE_LOOP_ANALYSIS = YES;
				CLANG_WARN_STRICT_PROTOTYPES = YES;
				CLANG_WARN_SUSPICIOUS_MOVE = YES;
				CLANG_WARN_UNGUARDED_AVAILABILITY = YES_AGGRESSIVE;
				CLANG_WARN_UNREACHABLE_CODE = YES;
				CLANG_WARN__DUPLICATE_METHOD_MATCH = YES;
				COPY_PHASE_STRIP = NO;
				DEBUG_INFORMATION_FORMAT = dwarf;
				ENABLE_STRICT_OBJC_MSGSEND = YES;
				ENABLE_TESTABILITY = YES;
				GCC_C_LANGUAGE_STANDARD = gnu11;
				GCC_DYNAMIC_NO_PIC = NO;
				GCC_NO_COMMON_BLOCKS = YES;
				GCC_OPTIMIZATION_LEVEL = 0;
				GCC_PREPROCESSOR_DEFINITIONS = (
					"DEBUG=1",
					"$(inherited)",
				);
				GCC_WARN_64_TO_32_BIT_CONVERSION = YES;
				GCC_WARN_ABOUT_RETURN_TYPE = YES_ERROR;
				GCC_WARN_UNDECLARED_SELECTOR = YES;
				GCC_WARN_UNINITIALIZED_AUTOS = YES_AGGRESSIVE;
				GCC_WARN_UNUSED_FUNCTION = YES;
				GCC_WARN_UNUSED_VARIABLE = YES;
				IPHONEOS_DEPLOYMENT_TARGET = 15.0;
				MTL_ENABLE_DEBUG_INFO = INCLUDE_SOURCE;
				MTL_FAST_MATH = YES;
				ONLY_ACTIVE_ARCH = YES;
				SDKROOT = iphoneos;
				SWIFT_ACTIVE_COMPILATION_CONDITIONS = DEBUG;
				SWIFT_OPTIMIZATION_LEVEL = "-Onone";
			};
			name = Debug;
		};
		7A1876502969D12B00C55911 /* Release */ = {
			isa = XCBuildConfiguration;
			buildSettings = {
				ALWAYS_SEARCH_USER_PATHS = NO;
				CLANG_ANALYZER_NONNULL = YES;
				CLANG_ANALYZER_NUMBER_OBJECT_CONVERSION = YES_AGGRESSIVE;
				CLANG_CXX_LANGUAGE_STANDARD = "gnu++20";
				CLANG_ENABLE_MODULES = YES;
				CLANG_ENABLE_OBJC_ARC = YES;
				CLANG_ENABLE_OBJC_WEAK = YES;
				CLANG_WARN_BLOCK_CAPTURE_AUTORELEASING = YES;
				CLANG_WARN_BOOL_CONVERSION = YES;
				CLANG_WARN_COMMA = YES;
				CLANG_WARN_CONSTANT_CONVERSION = YES;
				CLANG_WARN_DEPRECATED_OBJC_IMPLEMENTATIONS = YES;
				CLANG_WARN_DIRECT_OBJC_ISA_USAGE = YES_ERROR;
				CLANG_WARN_DOCUMENTATION_COMMENTS = YES;
				CLANG_WARN_EMPTY_BODY = YES;
				CLANG_WARN_ENUM_CONVERSION = YES;
				CLANG_WARN_INFINITE_RECURSION = YES;
				CLANG_WARN_INT_CONVERSION = YES;
				CLANG_WARN_NON_LITERAL_NULL_CONVERSION = YES;
				CLANG_WARN_OBJC_IMPLICIT_RETAIN_SELF = YES;
				CLANG_WARN_OBJC_LITERAL_CONVERSION = YES;
				CLANG_WARN_OBJC_ROOT_CLASS = YES_ERROR;
				CLANG_WARN_QUOTED_INCLUDE_IN_FRAMEWORK_HEADER = YES;
				CLANG_WARN_RANGE_LOOP_ANALYSIS = YES;
				CLANG_WARN_STRICT_PROTOTYPES = YES;
				CLANG_WARN_SUSPICIOUS_MOVE = YES;
				CLANG_WARN_UNGUARDED_AVAILABILITY = YES_AGGRESSIVE;
				CLANG_WARN_UNREACHABLE_CODE = YES;
				CLANG_WARN__DUPLICATE_METHOD_MATCH = YES;
				COPY_PHASE_STRIP = NO;
				DEBUG_INFORMATION_FORMAT = "dwarf-with-dsym";
				ENABLE_NS_ASSERTIONS = NO;
				ENABLE_STRICT_OBJC_MSGSEND = YES;
				GCC_C_LANGUAGE_STANDARD = gnu11;
				GCC_NO_COMMON_BLOCKS = YES;
				GCC_WARN_64_TO_32_BIT_CONVERSION = YES;
				GCC_WARN_ABOUT_RETURN_TYPE = YES_ERROR;
				GCC_WARN_UNDECLARED_SELECTOR = YES;
				GCC_WARN_UNINITIALIZED_AUTOS = YES_AGGRESSIVE;
				GCC_WARN_UNUSED_FUNCTION = YES;
				GCC_WARN_UNUSED_VARIABLE = YES;
				IPHONEOS_DEPLOYMENT_TARGET = 15.0;
				MTL_ENABLE_DEBUG_INFO = NO;
				MTL_FAST_MATH = YES;
				SDKROOT = iphoneos;
				SWIFT_COMPILATION_MODE = wholemodule;
				SWIFT_OPTIMIZATION_LEVEL = "-O";
				VALIDATE_PRODUCT = YES;
			};
			name = Release;
		};
		7A1876522969D12B00C55911 /* Debug */ = {
			isa = XCBuildConfiguration;
			buildSettings = {
				ASSETCATALOG_COMPILER_APPICON_NAME = AppIcon;
				ASSETCATALOG_COMPILER_GLOBAL_ACCENT_COLOR_NAME = AccentColor;
				CODE_SIGN_STYLE = Automatic;
				CURRENT_PROJECT_VERSION = 1;
				DEVELOPMENT_TEAM = DR6XG732FT;
				GENERATE_INFOPLIST_FILE = YES;
				INFOPLIST_FILE = TheoremOneCodingAssignment/Info.plist;
				INFOPLIST_KEY_UIApplicationSupportsIndirectInputEvents = YES;
				INFOPLIST_KEY_UILaunchStoryboardName = LaunchScreen;
				INFOPLIST_KEY_UIMainStoryboardFile = "";
				INFOPLIST_KEY_UIStatusBarStyle = "";
				INFOPLIST_KEY_UISupportedInterfaceOrientations = "UIInterfaceOrientationLandscapeLeft UIInterfaceOrientationLandscapeRight UIInterfaceOrientationPortrait";
				IPHONEOS_DEPLOYMENT_TARGET = 15.0;
				LD_RUNPATH_SEARCH_PATHS = (
					"$(inherited)",
					"@executable_path/Frameworks",
				);
				MARKETING_VERSION = 1.0;
				PRODUCT_BUNDLE_IDENTIFIER = com.maksbond.TheoremOneCodingAssignment;
				PRODUCT_NAME = "$(TARGET_NAME)";
				SWIFT_EMIT_LOC_STRINGS = YES;
				SWIFT_VERSION = 5.0;
				TARGETED_DEVICE_FAMILY = "1,2";
			};
			name = Debug;
		};
		7A1876532969D12B00C55911 /* Release */ = {
			isa = XCBuildConfiguration;
			buildSettings = {
				ASSETCATALOG_COMPILER_APPICON_NAME = AppIcon;
				ASSETCATALOG_COMPILER_GLOBAL_ACCENT_COLOR_NAME = AccentColor;
				CODE_SIGN_STYLE = Automatic;
				CURRENT_PROJECT_VERSION = 1;
				DEVELOPMENT_TEAM = DR6XG732FT;
				GENERATE_INFOPLIST_FILE = YES;
				INFOPLIST_FILE = TheoremOneCodingAssignment/Info.plist;
				INFOPLIST_KEY_UIApplicationSupportsIndirectInputEvents = YES;
				INFOPLIST_KEY_UILaunchStoryboardName = LaunchScreen;
				INFOPLIST_KEY_UIMainStoryboardFile = "";
				INFOPLIST_KEY_UIStatusBarStyle = "";
				INFOPLIST_KEY_UISupportedInterfaceOrientations = "UIInterfaceOrientationLandscapeLeft UIInterfaceOrientationLandscapeRight UIInterfaceOrientationPortrait";
				IPHONEOS_DEPLOYMENT_TARGET = 15.0;
				LD_RUNPATH_SEARCH_PATHS = (
					"$(inherited)",
					"@executable_path/Frameworks",
				);
				MARKETING_VERSION = 1.0;
				PRODUCT_BUNDLE_IDENTIFIER = com.maksbond.TheoremOneCodingAssignment;
				PRODUCT_NAME = "$(TARGET_NAME)";
				SWIFT_EMIT_LOC_STRINGS = YES;
				SWIFT_VERSION = 5.0;
				TARGETED_DEVICE_FAMILY = "1,2";
			};
			name = Release;
		};
		7A1876552969D12B00C55911 /* Debug */ = {
			isa = XCBuildConfiguration;
			buildSettings = {
				ALWAYS_EMBED_SWIFT_STANDARD_LIBRARIES = YES;
				BUNDLE_LOADER = "$(TEST_HOST)";
				CODE_SIGN_STYLE = Automatic;
				CURRENT_PROJECT_VERSION = 1;
				DEVELOPMENT_TEAM = DR6XG732FT;
				GENERATE_INFOPLIST_FILE = YES;
				IPHONEOS_DEPLOYMENT_TARGET = 16.2;
				MARKETING_VERSION = 1.0;
				PRODUCT_BUNDLE_IDENTIFIER = com.maksbond.TheoremOneCodingAssignmentTests;
				PRODUCT_NAME = "$(TARGET_NAME)";
				SWIFT_EMIT_LOC_STRINGS = NO;
				SWIFT_VERSION = 5.0;
				TARGETED_DEVICE_FAMILY = "1,2";
				TEST_HOST = "$(BUILT_PRODUCTS_DIR)/TheoremOneCodingAssignment.app/$(BUNDLE_EXECUTABLE_FOLDER_PATH)/TheoremOneCodingAssignment";
			};
			name = Debug;
		};
		7A1876562969D12B00C55911 /* Release */ = {
			isa = XCBuildConfiguration;
			buildSettings = {
				ALWAYS_EMBED_SWIFT_STANDARD_LIBRARIES = YES;
				BUNDLE_LOADER = "$(TEST_HOST)";
				CODE_SIGN_STYLE = Automatic;
				CURRENT_PROJECT_VERSION = 1;
				DEVELOPMENT_TEAM = DR6XG732FT;
				GENERATE_INFOPLIST_FILE = YES;
				IPHONEOS_DEPLOYMENT_TARGET = 16.2;
				MARKETING_VERSION = 1.0;
				PRODUCT_BUNDLE_IDENTIFIER = com.maksbond.TheoremOneCodingAssignmentTests;
				PRODUCT_NAME = "$(TARGET_NAME)";
				SWIFT_EMIT_LOC_STRINGS = NO;
				SWIFT_VERSION = 5.0;
				TARGETED_DEVICE_FAMILY = "1,2";
				TEST_HOST = "$(BUILT_PRODUCTS_DIR)/TheoremOneCodingAssignment.app/$(BUNDLE_EXECUTABLE_FOLDER_PATH)/TheoremOneCodingAssignment";
			};
			name = Release;
		};
/* End XCBuildConfiguration section */

/* Begin XCConfigurationList section */
		7A1876222969D12A00C55911 /* Build configuration list for PBXProject "TheoremOneCodingAssignment" */ = {
			isa = XCConfigurationList;
			buildConfigurations = (
				7A18764F2969D12B00C55911 /* Debug */,
				7A1876502969D12B00C55911 /* Release */,
			);
			defaultConfigurationIsVisible = 0;
			defaultConfigurationName = Release;
		};
		7A1876512969D12B00C55911 /* Build configuration list for PBXNativeTarget "TheoremOneCodingAssignment" */ = {
			isa = XCConfigurationList;
			buildConfigurations = (
				7A1876522969D12B00C55911 /* Debug */,
				7A1876532969D12B00C55911 /* Release */,
			);
			defaultConfigurationIsVisible = 0;
			defaultConfigurationName = Release;
		};
		7A1876542969D12B00C55911 /* Build configuration list for PBXNativeTarget "TheoremOneCodingAssignmentTests" */ = {
			isa = XCConfigurationList;
			buildConfigurations = (
				7A1876552969D12B00C55911 /* Debug */,
				7A1876562969D12B00C55911 /* Release */,
			);
			defaultConfigurationIsVisible = 0;
			defaultConfigurationName = Release;
		};
/* End XCConfigurationList section */
	};
	rootObject = 7A18761F2969D12A00C55911 /* Project object */;
}
